
Microsoft Visual Studio Solution File, Format Version 12.00
# Visual Studio Version 16
VisualStudioVersion = 16.0.29920.165
MinimumVisualStudioVersion = 10.0.40219.1
Project("{FAE04EC0-301F-11D3-BF4B-00C04F79EFBC}") = "MountainTourismApp", "MountainTourismApp\MountainTourismApp.csproj", "{28430DA6-7839-4F65-B74F-6B20B6B06498}"
EndProject
Global
	GlobalSection(SolutionConfigurationPlatforms) = preSolution
		Debug|Any CPU = Debug|Any CPU
		Release|Any CPU = Release|Any CPU
	EndGlobalSection
	GlobalSection(ProjectConfigurationPlatforms) = postSolution
		{28430DA6-7839-4F65-B74F-6B20B6B06498}.Debug|Any CPU.ActiveCfg = Debug|Any CPU
		{28430DA6-7839-4F65-B74F-6B20B6B06498}.Debug|Any CPU.Build.0 = Debug|Any CPU
		{28430DA6-7839-4F65-B74F-6B20B6B06498}.Release|Any CPU.ActiveCfg = Release|Any CPU
		{28430DA6-7839-4F65-B74F-6B20B6B06498}.Release|Any CPU.Build.0 = Release|Any CPU
	EndGlobalSection
	GlobalSection(SolutionProperties) = preSolution
		HideSolutionNode = FALSE
	EndGlobalSection
	GlobalSection(ExtensibilityGlobals) = postSolution
		SolutionGuid = {9B4164C6-94DD-4445-A0F6-1E52754193E7}
	EndGlobalSection
EndGlobal
